
Microsoft Visual Studio Solution File, Format Version 12.00
# Visual Studio 15
VisualStudioVersion = 15.0.26228.4
MinimumVisualStudioVersion = 10.0.40219.1
Project("{FAE04EC0-301F-11D3-BF4B-00C04F79EFBC}") = "Csharp7", "CSharp7\Csharp7.csproj", "{35820900-90E6-49C4-B788-3C5653DA8558}"
EndProject
Global
	GlobalSection(SolutionConfigurationPlatforms) = preSolution
		Debug|Any CPU = Debug|Any CPU
		Release|Any CPU = Release|Any CPU
	EndGlobalSection
	GlobalSection(ProjectConfigurationPlatforms) = postSolution
		{35820900-90E6-49C4-B788-3C5653DA8558}.Debug|Any CPU.ActiveCfg = Debug|Any CPU
		{35820900-90E6-49C4-B788-3C5653DA8558}.Debug|Any CPU.Build.0 = Debug|Any CPU
		{35820900-90E6-49C4-B788-3C5653DA8558}.Release|Any CPU.ActiveCfg = Release|Any CPU
		{35820900-90E6-49C4-B788-3C5653DA8558}.Release|Any CPU.Build.0 = Release|Any CPU
	EndGlobalSection
	GlobalSection(SolutionProperties) = preSolution
		HideSolutionNode = FALSE
	EndGlobalSection
EndGlobal
